// !$*UTF8*$!
{
	archiveVersion = 1;
	classes = {
	};
	objectVersion = 48;
	objects = {

/* Begin PBXBuildFile section */
		156460911FED342E00E61890 /* AppDelegate.swift in Sources */ = {isa = PBXBuildFile; fileRef = 156460901FED342E00E61890 /* AppDelegate.swift */; };
		156460931FED342E00E61890 /* ViewController.swift in Sources */ = {isa = PBXBuildFile; fileRef = 156460921FED342E00E61890 /* ViewController.swift */; };
		156460961FED342E00E61890 /* Main.storyboard in Resources */ = {isa = PBXBuildFile; fileRef = 156460941FED342E00E61890 /* Main.storyboard */; };
		156460981FED342E00E61890 /* Assets.xcassets in Resources */ = {isa = PBXBuildFile; fileRef = 156460971FED342E00E61890 /* Assets.xcassets */; };
		1564609B1FED342E00E61890 /* LaunchScreen.storyboard in Resources */ = {isa = PBXBuildFile; fileRef = 156460991FED342E00E61890 /* LaunchScreen.storyboard */; };
		156460BF1FED353900E61890 /* SelfSizingCollectionViewCell.swift in Sources */ = {isa = PBXBuildFile; fileRef = 156460BE1FED353900E61890 /* SelfSizingCollectionViewCell.swift */; };
		156460C11FED411700E61890 /* BubbleLayout.swift in Sources */ = {isa = PBXBuildFile; fileRef = 156460C01FED411700E61890 /* BubbleLayout.swift */; };
		43BFC8DC2040CAF400CAA4AD /* Helper.swift in Sources */ = {isa = PBXBuildFile; fileRef = 43BFC8DB2040CAF400CAA4AD /* Helper.swift */; };
/* End PBXBuildFile section */

/* Begin PBXContainerItemProxy section */
		156460A21FED342E00E61890 /* PBXContainerItemProxy */ = {
			isa = PBXContainerItemProxy;
			containerPortal = 156460851FED342E00E61890 /* Project object */;
			proxyType = 1;
			remoteGlobalIDString = 1564608C1FED342E00E61890;
			remoteInfo = SelfSizingCollection;
		};
		156460AD1FED342E00E61890 /* PBXContainerItemProxy */ = {
			isa = PBXContainerItemProxy;
			containerPortal = 156460851FED342E00E61890 /* Project object */;
			proxyType = 1;
			remoteGlobalIDString = 1564608C1FED342E00E61890;
			remoteInfo = SelfSizingCollection;
		};
/* End PBXContainerItemProxy section */

/* Begin PBXFileReference section */
		1564608D1FED342E00E61890 /* SelfSizingCollection.app */ = {isa = PBXFileReference; explicitFileType = wrapper.application; includeInIndex = 0; path = SelfSizingCollection.app; sourceTree = BUILT_PRODUCTS_DIR; };
		156460901FED342E00E61890 /* AppDelegate.swift */ = {isa = PBXFileReference; lastKnownFileType = sourcecode.swift; path = AppDelegate.swift; sourceTree = "<group>"; };
		156460921FED342E00E61890 /* ViewController.swift */ = {isa = PBXFileReference; lastKnownFileType = sourcecode.swift; path = ViewController.swift; sourceTree = "<group>"; };
		156460951FED342E00E61890 /* Base */ = {isa = PBXFileReference; lastKnownFileType = file.storyboard; name = Base; path = Base.lproj/Main.storyboard; sourceTree = "<group>"; };
		156460971FED342E00E61890 /* Assets.xcassets */ = {isa = PBXFileReference; lastKnownFileType = folder.assetcatalog; path = Assets.xcassets; sourceTree = "<group>"; };
		1564609A1FED342E00E61890 /* Base */ = {isa = PBXFileReference; lastKnownFileType = file.storyboard; name = Base; path = Base.lproj/LaunchScreen.storyboard; sourceTree = "<group>"; };
		1564609C1FED342E00E61890 /* Info.plist */ = {isa = PBXFileReference; lastKnownFileType = text.plist.xml; path = Info.plist; sourceTree = "<group>"; };
		156460A11FED342E00E61890 /* SelfSizingCollectionTests.xctest */ = {isa = PBXFileReference; explicitFileType = wrapper.cfbundle; includeInIndex = 0; path = SelfSizingCollectionTests.xctest; sourceTree = BUILT_PRODUCTS_DIR; };
		156460AC1FED342E00E61890 /* SelfSizingCollectionUITests.xctest */ = {isa = PBXFileReference; explicitFileType = wrapper.cfbundle; includeInIndex = 0; path = SelfSizingCollectionUITests.xctest; sourceTree = BUILT_PRODUCTS_DIR; };
		156460BE1FED353900E61890 /* SelfSizingCollectionViewCell.swift */ = {isa = PBXFileReference; lastKnownFileType = sourcecode.swift; path = SelfSizingCollectionViewCell.swift; sourceTree = "<group>"; };
		156460C01FED411700E61890 /* BubbleLayout.swift */ = {isa = PBXFileReference; lastKnownFileType = sourcecode.swift; path = BubbleLayout.swift; sourceTree = "<group>"; };
		43BFC8DB2040CAF400CAA4AD /* Helper.swift */ = {isa = PBXFileReference; lastKnownFileType = sourcecode.swift; path = Helper.swift; sourceTree = "<group>"; };
/* End PBXFileReference section */

/* Begin PBXFrameworksBuildPhase section */
		1564608A1FED342E00E61890 /* Frameworks */ = {
			isa = PBXFrameworksBuildPhase;
			buildActionMask = 2147483647;
			files = (
			);
			runOnlyForDeploymentPostprocessing = 0;
		};
		1564609E1FED342E00E61890 /* Frameworks */ = {
			isa = PBXFrameworksBuildPhase;
			buildActionMask = 2147483647;
			files = (
			);
			runOnlyForDeploymentPostprocessing = 0;
		};
		156460A91FED342E00E61890 /* Frameworks */ = {
			isa = PBXFrameworksBuildPhase;
			buildActionMask = 2147483647;
			files = (
			);
			runOnlyForDeploymentPostprocessing = 0;
		};
/* End PBXFrameworksBuildPhase section */

/* Begin PBXGroup section */
		156460841FED342E00E61890 = {
			isa = PBXGroup;
			children = (
				1564608F1FED342E00E61890 /* SelfSizingCollection */,
				1564608E1FED342E00E61890 /* Products */,
			);
			sourceTree = "<group>";
		};
		1564608E1FED342E00E61890 /* Products */ = {
			isa = PBXGroup;
			children = (
				1564608D1FED342E00E61890 /* SelfSizingCollection.app */,
				156460A11FED342E00E61890 /* SelfSizingCollectionTests.xctest */,
				156460AC1FED342E00E61890 /* SelfSizingCollectionUITests.xctest */,
			);
			name = Products;
			sourceTree = "<group>";
		};
		1564608F1FED342E00E61890 /* SelfSizingCollection */ = {
			isa = PBXGroup;
			children = (
				156460901FED342E00E61890 /* AppDelegate.swift */,
				156460921FED342E00E61890 /* ViewController.swift */,
				156460C01FED411700E61890 /* BubbleLayout.swift */,
				156460BE1FED353900E61890 /* SelfSizingCollectionViewCell.swift */,
				43BFC8DB2040CAF400CAA4AD /* Helper.swift */,
				156460971FED342E00E61890 /* Assets.xcassets */,
				156460941FED342E00E61890 /* Main.storyboard */,
				156460991FED342E00E61890 /* LaunchScreen.storyboard */,
				1564609C1FED342E00E61890 /* Info.plist */,
			);
			path = SelfSizingCollection;
			sourceTree = "<group>";
		};
/* End PBXGroup section */

/* Begin PBXNativeTarget section */
		1564608C1FED342E00E61890 /* SelfSizingCollection */ = {
			isa = PBXNativeTarget;
			buildConfigurationList = 156460B51FED342E00E61890 /* Build configuration list for PBXNativeTarget "SelfSizingCollection" */;
			buildPhases = (
				156460891FED342E00E61890 /* Sources */,
				1564608A1FED342E00E61890 /* Frameworks */,
				1564608B1FED342E00E61890 /* Resources */,
			);
			buildRules = (
			);
			dependencies = (
			);
			name = SelfSizingCollection;
			productName = SelfSizingCollection;
			productReference = 1564608D1FED342E00E61890 /* SelfSizingCollection.app */;
			productType = "com.apple.product-type.application";
		};
		156460A01FED342E00E61890 /* SelfSizingCollectionTests */ = {
			isa = PBXNativeTarget;
			buildConfigurationList = 156460B81FED342E00E61890 /* Build configuration list for PBXNativeTarget "SelfSizingCollectionTests" */;
			buildPhases = (
				1564609D1FED342E00E61890 /* Sources */,
				1564609E1FED342E00E61890 /* Frameworks */,
				1564609F1FED342E00E61890 /* Resources */,
			);
			buildRules = (
			);
			dependencies = (
				156460A31FED342E00E61890 /* PBXTargetDependency */,
			);
			name = SelfSizingCollectionTests;
			productName = SelfSizingCollectionTests;
			productReference = 156460A11FED342E00E61890 /* SelfSizingCollectionTests.xctest */;
			productType = "com.apple.product-type.bundle.unit-test";
		};
		156460AB1FED342E00E61890 /* SelfSizingCollectionUITests */ = {
			isa = PBXNativeTarget;
			buildConfigurationList = 156460BB1FED342E00E61890 /* Build configuration list for PBXNativeTarget "SelfSizingCollectionUITests" */;
			buildPhases = (
				156460A81FED342E00E61890 /* Sources */,
				156460A91FED342E00E61890 /* Frameworks */,
				156460AA1FED342E00E61890 /* Resources */,
			);
			buildRules = (
			);
			dependencies = (
				156460AE1FED342E00E61890 /* PBXTargetDependency */,
			);
			name = SelfSizingCollectionUITests;
			productName = SelfSizingCollectionUITests;
			productReference = 156460AC1FED342E00E61890 /* SelfSizingCollectionUITests.xctest */;
			productType = "com.apple.product-type.bundle.ui-testing";
		};
/* End PBXNativeTarget section */

/* Begin PBXProject section */
		156460851FED342E00E61890 /* Project object */ = {
			isa = PBXProject;
			attributes = {
				LastSwiftUpdateCheck = 0920;
				LastUpgradeCheck = 0920;
				ORGANIZATIONNAME = Kariyer.net;
				TargetAttributes = {
					1564608C1FED342E00E61890 = {
						CreatedOnToolsVersion = 9.2;
						ProvisioningStyle = Automatic;
					};
					156460A01FED342E00E61890 = {
						CreatedOnToolsVersion = 9.2;
						ProvisioningStyle = Automatic;
						TestTargetID = 1564608C1FED342E00E61890;
					};
					156460AB1FED342E00E61890 = {
						CreatedOnToolsVersion = 9.2;
						ProvisioningStyle = Automatic;
						TestTargetID = 1564608C1FED342E00E61890;
					};
				};
			};
			buildConfigurationList = 156460881FED342E00E61890 /* Build configuration list for PBXProject "SelfSizingCollection" */;
			compatibilityVersion = "Xcode 8.0";
			developmentRegion = en;
			hasScannedForEncodings = 0;
			knownRegions = (
				en,
				Base,
			);
			mainGroup = 156460841FED342E00E61890;
			productRefGroup = 1564608E1FED342E00E61890 /* Products */;
			projectDirPath = "";
			projectRoot = "";
			targets = (
				1564608C1FED342E00E61890 /* SelfSizingCollection */,
				156460A01FED342E00E61890 /* SelfSizingCollectionTests */,
				156460AB1FED342E00E61890 /* SelfSizingCollectionUITests */,
			);
		};
/* End PBXProject section */

/* Begin PBXResourcesBuildPhase section */
		1564608B1FED342E00E61890 /* Resources */ = {
			isa = PBXResourcesBuildPhase;
			buildActionMask = 2147483647;
			files = (
				1564609B1FED342E00E61890 /* LaunchScreen.storyboard in Resources */,
				156460981FED342E00E61890 /* Assets.xcassets in Resources */,
				156460961FED342E00E61890 /* Main.storyboard in Resources */,
			);
			runOnlyForDeploymentPostprocessing = 0;
		};
		1564609F1FED342E00E61890 /* Resources */ = {
			isa = PBXResourcesBuildPhase;
			buildActionMask = 2147483647;
			files = (
			);
			runOnlyForDeploymentPostprocessing = 0;
		};
		156460AA1FED342E00E61890 /* Resources */ = {
			isa = PBXResourcesBuildPhase;
			buildActionMask = 2147483647;
			files = (
			);
			runOnlyForDeploymentPostprocessing = 0;
		};
/* End PBXResourcesBuildPhase section */

/* Begin PBXSourcesBuildPhase section */
		156460891FED342E00E61890 /* Sources */ = {
			isa = PBXSourcesBuildPhase;
			buildActionMask = 2147483647;
			files = (
				156460C11FED411700E61890 /* BubbleLayout.swift in Sources */,
				156460931FED342E00E61890 /* ViewController.swift in Sources */,
				43BFC8DC2040CAF400CAA4AD /* Helper.swift in Sources */,
				156460BF1FED353900E61890 /* SelfSizingCollectionViewCell.swift in Sources */,
				156460911FED342E00E61890 /* AppDelegate.swift in Sources */,
			);
			runOnlyForDeploymentPostprocessing = 0;
		};
		1564609D1FED342E00E61890 /* Sources */ = {
			isa = PBXSourcesBuildPhase;
			buildActionMask = 2147483647;
			files = (
			);
			runOnlyForDeploymentPostprocessing = 0;
		};
		156460A81FED342E00E61890 /* Sources */ = {
			isa = PBXSourcesBuildPhase;
			buildActionMask = 2147483647;
			files = (
			);
			runOnlyForDeploymentPostprocessing = 0;
		};
/* End PBXSourcesBuildPhase section */

/* Begin PBXTargetDependency section */
		156460A31FED342E00E61890 /* PBXTargetDependency */ = {
			isa = PBXTargetDependency;
			target = 1564608C1FED342E00E61890 /* SelfSizingCollection */;
			targetProxy = 156460A21FED342E00E61890 /* PBXContainerItemProxy */;
		};
		156460AE1FED342E00E61890 /* PBXTargetDependency */ = {
			isa = PBXTargetDependency;
			target = 1564608C1FED342E00E61890 /* SelfSizingCollection */;
			targetProxy = 156460AD1FED342E00E61890 /* PBXContainerItemProxy */;
		};
/* End PBXTargetDependency section */

/* Begin PBXVariantGroup section */
		156460941FED342E00E61890 /* Main.storyboard */ = {
			isa = PBXVariantGroup;
			children = (
				156460951FED342E00E61890 /* Base */,
			);
			name = Main.storyboard;
			sourceTree = "<group>";
		};
		156460991FED342E00E61890 /* LaunchScreen.storyboard */ = {
			isa = PBXVariantGroup;
			children = (
				1564609A1FED342E00E61890 /* Base */,
			);
			name = LaunchScreen.storyboard;
			sourceTree = "<group>";
		};
/* End PBXVariantGroup section */

/* Begin XCBuildConfiguration section */
		156460B31FED342E00E61890 /* Debug */ = {
			isa = XCBuildConfiguration;
			buildSettings = {
				ALWAYS_SEARCH_USER_PATHS = NO;
				CLANG_ANALYZER_NONNULL = YES;
				CLANG_ANALYZER_NUMBER_OBJECT_CONVERSION = YES_AGGRESSIVE;
				CLANG_CXX_LANGUAGE_STANDARD = "gnu++14";
				CLANG_CXX_LIBRARY = "libc++";
				CLANG_ENABLE_MODULES = YES;
				CLANG_ENABLE_OBJC_ARC = YES;
				CLANG_WARN_BLOCK_CAPTURE_AUTORELEASING = YES;
				CLANG_WARN_BOOL_CONVERSION = YES;
				CLANG_WARN_COMMA = YES;
				CLANG_WARN_CONSTANT_CONVERSION = YES;
				CLANG_WARN_DIRECT_OBJC_ISA_USAGE = YES_ERROR;
				CLANG_WARN_DOCUMENTATION_COMMENTS = YES;
				CLANG_WARN_EMPTY_BODY = YES;
				CLANG_WARN_ENUM_CONVERSION = YES;
				CLANG_WARN_INFINITE_RECURSION = YES;
				CLANG_WARN_INT_CONVERSION = YES;
				CLANG_WARN_NON_LITERAL_NULL_CONVERSION = YES;
				CLANG_WARN_OBJC_LITERAL_CONVERSION = YES;
				CLANG_WARN_OBJC_ROOT_CLASS = YES_ERROR;
				CLANG_WARN_RANGE_LOOP_ANALYSIS = YES;
				CLANG_WARN_STRICT_PROTOTYPES = YES;
				CLANG_WARN_SUSPICIOUS_MOVE = YES;
				CLANG_WARN_UNGUARDED_AVAILABILITY = YES_AGGRESSIVE;
				CLANG_WARN_UNREACHABLE_CODE = YES;
				CLANG_WARN__DUPLICATE_METHOD_MATCH = YES;
				CODE_SIGN_IDENTITY = "iPhone Developer";
				COPY_PHASE_STRIP = NO;
				DEBUG_INFORMATION_FORMAT = dwarf;
				ENABLE_STRICT_OBJC_MSGSEND = YES;
				ENABLE_TESTABILITY = YES;
				GCC_C_LANGUAGE_STANDARD = gnu11;
				GCC_DYNAMIC_NO_PIC = NO;
				GCC_NO_COMMON_BLOCKS = YES;
				GCC_OPTIMIZATION_LEVEL = 0;
				GCC_PREPROCESSOR_DEFINITIONS = (
					"DEBUG=1",
					"$(inherited)",
				);
				GCC_WARN_64_TO_32_BIT_CONVERSION = YES;
				GCC_WARN_ABOUT_RETURN_TYPE = YES_ERROR;
				GCC_WARN_UNDECLARED_SELECTOR = YES;
				GCC_WARN_UNINITIALIZED_AUTOS = YES_AGGRESSIVE;
				GCC_WARN_UNUSED_FUNCTION = YES;
				GCC_WARN_UNUSED_VARIABLE = YES;
				IPHONEOS_DEPLOYMENT_TARGET = 11.2;
				MTL_ENABLE_DEBUG_INFO = YES;
				ONLY_ACTIVE_ARCH = YES;
				SDKROOT = iphoneos;
				SWIFT_ACTIVE_COMPILATION_CONDITIONS = DEBUG;
				SWIFT_OPTIMIZATION_LEVEL = "-Onone";
			};
			name = Debug;
		};
		156460B41FED342E00E61890 /* Release */ = {
			isa = XCBuildConfiguration;
			buildSettings = {
				ALWAYS_SEARCH_USER_PATHS = NO;
				CLANG_ANALYZER_NONNULL = YES;
				CLANG_ANALYZER_NUMBER_OBJECT_CONVERSION = YES_AGGRESSIVE;
				CLANG_CXX_LANGUAGE_STANDARD = "gnu++14";
				CLANG_CXX_LIBRARY = "libc++";
				CLANG_ENABLE_MODULES = YES;
				CLANG_ENABLE_OBJC_ARC = YES;
				CLANG_WARN_BLOCK_CAPTURE_AUTORELEASING = YES;
				CLANG_WARN_BOOL_CONVERSION = YES;
				CLANG_WARN_COMMA = YES;
				CLANG_WARN_CONSTANT_CONVERSION = YES;
				CLANG_WARN_DIRECT_OBJC_ISA_USAGE = YES_ERROR;
				CLANG_WARN_DOCUMENTATION_COMMENTS = YES;
				CLANG_WARN_EMPTY_BODY = YES;
				CLANG_WARN_ENUM_CONVERSION = YES;
				CLANG_WARN_INFINITE_RECURSION = YES;
				CLANG_WARN_INT_CONVERSION = YES;
				CLANG_WARN_NON_LITERAL_NULL_CONVERSION = YES;
				CLANG_WARN_OBJC_LITERAL_CONVERSION = YES;
				CLANG_WARN_OBJC_ROOT_CLASS = YES_ERROR;
				CLANG_WARN_RANGE_LOOP_ANALYSIS = YES;
				CLANG_WARN_STRICT_PROTOTYPES = YES;
				CLANG_WARN_SUSPICIOUS_MOVE = YES;
				CLANG_WARN_UNGUARDED_AVAILABILITY = YES_AGGRESSIVE;
				CLANG_WARN_UNREACHABLE_CODE = YES;
				CLANG_WARN__DUPLICATE_METHOD_MATCH = YES;
				CODE_SIGN_IDENTITY = "iPhone Developer";
				COPY_PHASE_STRIP = NO;
				DEBUG_INFORMATION_FORMAT = "dwarf-with-dsym";
				ENABLE_NS_ASSERTIONS = NO;
				ENABLE_STRICT_OBJC_MSGSEND = YES;
				GCC_C_LANGUAGE_STANDARD = gnu11;
				GCC_NO_COMMON_BLOCKS = YES;
				GCC_WARN_64_TO_32_BIT_CONVERSION = YES;
				GCC_WARN_ABOUT_RETURN_TYPE = YES_ERROR;
				GCC_WARN_UNDECLARED_SELECTOR = YES;
				GCC_WARN_UNINITIALIZED_AUTOS = YES_AGGRESSIVE;
				GCC_WARN_UNUSED_FUNCTION = YES;
				GCC_WARN_UNUSED_VARIABLE = YES;
				IPHONEOS_DEPLOYMENT_TARGET = 11.2;
				MTL_ENABLE_DEBUG_INFO = NO;
				SDKROOT = iphoneos;
				SWIFT_OPTIMIZATION_LEVEL = "-Owholemodule";
				VALIDATE_PRODUCT = YES;
			};
			name = Release;
		};
		156460B61FED342E00E61890 /* Debug */ = {
			isa = XCBuildConfiguration;
			buildSettings = {
				ASSETCATALOG_COMPILER_APPICON_NAME = AppIcon;
				CODE_SIGN_STYLE = Automatic;
				DEVELOPMENT_TEAM = 2HV4X8X4UH;
				INFOPLIST_FILE = SelfSizingCollection/Info.plist;
				IPHONEOS_DEPLOYMENT_TARGET = 9.0;
				LD_RUNPATH_SEARCH_PATHS = "$(inherited) @executable_path/Frameworks";
				PRODUCT_BUNDLE_IDENTIFIER = net.kariyer.SelfSizingCollection;
				PRODUCT_NAME = "$(TARGET_NAME)";
				SWIFT_VERSION = 4.0;
				TARGETED_DEVICE_FAMILY = "1,2";
			};
			name = Debug;
		};
		156460B71FED342E00E61890 /* Release */ = {
			isa = XCBuildConfiguration;
			buildSettings = {
				ASSETCATALOG_COMPILER_APPICON_NAME = AppIcon;
				CODE_SIGN_STYLE = Automatic;
				DEVELOPMENT_TEAM = 2HV4X8X4UH;
				INFOPLIST_FILE = SelfSizingCollection/Info.plist;
				IPHONEOS_DEPLOYMENT_TARGET = 9.0;
				LD_RUNPATH_SEARCH_PATHS = "$(inherited) @executable_path/Frameworks";
				PRODUCT_BUNDLE_IDENTIFIER = net.kariyer.SelfSizingCollection;
				PRODUCT_NAME = "$(TARGET_NAME)";
				SWIFT_VERSION = 4.0;
				TARGETED_DEVICE_FAMILY = "1,2";
			};
			name = Release;
		};
		156460B91FED342E00E61890 /* Debug */ = {
			isa = XCBuildConfiguration;
			buildSettings = {
				ALWAYS_EMBED_SWIFT_STANDARD_LIBRARIES = YES;
				BUNDLE_LOADER = "$(TEST_HOST)";
				CODE_SIGN_STYLE = Automatic;
				DEVELOPMENT_TEAM = Q4Z98MC86G;
				INFOPLIST_FILE = SelfSizingCollectionTests/Info.plist;
				LD_RUNPATH_SEARCH_PATHS = "$(inherited) @executable_path/Frameworks @loader_path/Frameworks";
				PRODUCT_BUNDLE_IDENTIFIER = net.kariyer.SelfSizingCollectionTests;
				PRODUCT_NAME = "$(TARGET_NAME)";
				SWIFT_VERSION = 4.0;
				TARGETED_DEVICE_FAMILY = "1,2";
				TEST_HOST = "$(BUILT_PRODUCTS_DIR)/SelfSizingCollection.app/SelfSizingCollection";
			};
			name = Debug;
		};
		156460BA1FED342E00E61890 /* Release */ = {
			isa = XCBuildConfiguration;
			buildSettings = {
				ALWAYS_EMBED_SWIFT_STANDARD_LIBRARIES = YES;
				BUNDLE_LOADER = "$(TEST_HOST)";
				CODE_SIGN_STYLE = Automatic;
				DEVELOPMENT_TEAM = Q4Z98MC86G;
				INFOPLIST_FILE = SelfSizingCollectionTests/Info.plist;
				LD_RUNPATH_SEARCH_PATHS = "$(inherited) @executable_path/Frameworks @loader_path/Frameworks";
				PRODUCT_BUNDLE_IDENTIFIER = net.kariyer.SelfSizingCollectionTests;
				PRODUCT_NAME = "$(TARGET_NAME)";
				SWIFT_VERSION = 4.0;
				TARGETED_DEVICE_FAMILY = "1,2";
				TEST_HOST = "$(BUILT_PRODUCTS_DIR)/SelfSizingCollection.app/SelfSizingCollection";
			};
			name = Release;
		};
		156460BC1FED342E00E61890 /* Debug */ = {
			isa = XCBuildConfiguration;
			buildSettings = {
				ALWAYS_EMBED_SWIFT_STANDARD_LIBRARIES = YES;
				CODE_SIGN_STYLE = Automatic;
				DEVELOPMENT_TEAM = Q4Z98MC86G;
				INFOPLIST_FILE = SelfSizingCollectionUITests/Info.plist;
				LD_RUNPATH_SEARCH_PATHS = "$(inherited) @executable_path/Frameworks @loader_path/Frameworks";
				PRODUCT_BUNDLE_IDENTIFIER = net.kariyer.SelfSizingCollectionUITests;
				PRODUCT_NAME = "$(TARGET_NAME)";
				SWIFT_VERSION = 4.0;
				TARGETED_DEVICE_FAMILY = "1,2";
				TEST_TARGET_NAME = SelfSizingCollection;
			};
			name = Debug;
		};
		156460BD1FED342E00E61890 /* Release */ = {
			isa = XCBuildConfiguration;
			buildSettings = {
				ALWAYS_EMBED_SWIFT_STANDARD_LIBRARIES = YES;
				CODE_SIGN_STYLE = Automatic;
				DEVELOPMENT_TEAM = Q4Z98MC86G;
				INFOPLIST_FILE = SelfSizingCollectionUITests/Info.plist;
				LD_RUNPATH_SEARCH_PATHS = "$(inherited) @executable_path/Frameworks @loader_path/Frameworks";
				PRODUCT_BUNDLE_IDENTIFIER = net.kariyer.SelfSizingCollectionUITests;
				PRODUCT_NAME = "$(TARGET_NAME)";
				SWIFT_VERSION = 4.0;
				TARGETED_DEVICE_FAMILY = "1,2";
				TEST_TARGET_NAME = SelfSizingCollection;
			};
			name = Release;
		};
/* End XCBuildConfiguration section */

/* Begin XCConfigurationList section */
		156460881FED342E00E61890 /* Build configuration list for PBXProject "SelfSizingCollection" */ = {
			isa = XCConfigurationList;
			buildConfigurations = (
				156460B31FED342E00E61890 /* Debug */,
				156460B41FED342E00E61890 /* Release */,
			);
			defaultConfigurationIsVisible = 0;
			defaultConfigurationName = Release;
		};
		156460B51FED342E00E61890 /* Build configuration list for PBXNativeTarget "SelfSizingCollection" */ = {
			isa = XCConfigurationList;
			buildConfigurations = (
				156460B61FED342E00E61890 /* Debug */,
				156460B71FED342E00E61890 /* Release */,
			);
			defaultConfigurationIsVisible = 0;
			defaultConfigurationName = Release;
		};
		156460B81FED342E00E61890 /* Build configuration list for PBXNativeTarget "SelfSizingCollectionTests" */ = {
			isa = XCConfigurationList;
			buildConfigurations = (
				156460B91FED342E00E61890 /* Debug */,
				156460BA1FED342E00E61890 /* Release */,
			);
			defaultConfigurationIsVisible = 0;
			defaultConfigurationName = Release;
		};
		156460BB1FED342E00E61890 /* Build configuration list for PBXNativeTarget "SelfSizingCollectionUITests" */ = {
			isa = XCConfigurationList;
			buildConfigurations = (
				156460BC1FED342E00E61890 /* Debug */,
				156460BD1FED342E00E61890 /* Release */,
			);
			defaultConfigurationIsVisible = 0;
			defaultConfigurationName = Release;
		};
/* End XCConfigurationList section */
	};
	rootObject = 156460851FED342E00E61890 /* Project object */;
}
